
Microsoft Visual Studio Solution File, Format Version 12.00
# Visual Studio 2012
Project("{FAE04EC0-301F-11D3-BF4B-00C04F79EFBC}") = "PushNotifications.iOS", "PushNotifications.iOS\PushNotifications.iOS.csproj", "{871D3429-BF26-4114-8441-03D64931D87E}"
EndProject
Global
	GlobalSection(SolutionConfigurationPlatforms) = preSolution
		Debug|iPhoneSimulator = Debug|iPhoneSimulator
		Release|iPhoneSimulator = Release|iPhoneSimulator
		Debug|iPhone = Debug|iPhone
		Release|iPhone = Release|iPhone
	EndGlobalSection
	GlobalSection(ProjectConfigurationPlatforms) = postSolution
		{871D3429-BF26-4114-8441-03D64931D87E}.Debug|iPhone.ActiveCfg = Debug|iPhone
		{871D3429-BF26-4114-8441-03D64931D87E}.Debug|iPhone.Build.0 = Debug|iPhone
		{871D3429-BF26-4114-8441-03D64931D87E}.Debug|iPhoneSimulator.ActiveCfg = Debug|iPhoneSimulator
		{871D3429-BF26-4114-8441-03D64931D87E}.Debug|iPhoneSimulator.Build.0 = Debug|iPhoneSimulator
		{871D3429-BF26-4114-8441-03D64931D87E}.Release|iPhone.ActiveCfg = Release|iPhone
		{871D3429-BF26-4114-8441-03D64931D87E}.Release|iPhone.Build.0 = Release|iPhone
		{871D3429-BF26-4114-8441-03D64931D87E}.Release|iPhoneSimulator.ActiveCfg = Release|iPhoneSimulator
		{871D3429-BF26-4114-8441-03D64931D87E}.Release|iPhoneSimulator.Build.0 = Release|iPhoneSimulator
	EndGlobalSection
	GlobalSection(MonoDevelopProperties) = preSolution
		StartupItem = PushNotifications.iOS\PushNotifications.iOS.csproj
	EndGlobalSection
EndGlobal
