
Microsoft Visual Studio Solution File, Format Version 12.00
# Visual Studio 14
VisualStudioVersion = 14.0.23107.0
MinimumVisualStudioVersion = 10.0.40219.1
Project("{FAE04EC0-301F-11D3-BF4B-00C04F79EFBC}") = "UnityPlatformWindowsPhone", "UnityPlatformWindowsPhone\UnityPlatformWindowsPhone.csproj", "{D32799D6-B732-4275-BA50-82768374DD80}"
	ProjectSection(ProjectDependencies) = postProject
		{1659340D-4CAA-43D4-9636-406A5F634741} = {1659340D-4CAA-43D4-9636-406A5F634741}
		{D96980D3-7C11-4973-9638-EFF37B25D5DA} = {D96980D3-7C11-4973-9638-EFF37B25D5DA}
	EndProjectSection
EndProject
Project("{FAE04EC0-301F-11D3-BF4B-00C04F79EFBC}") = "UnityCore", "..\appverse-core\project\WP8\UnityCore\UnityCore.csproj", "{1659340D-4CAA-43D4-9636-406A5F634741}"
EndProject
Project("{FAE04EC0-301F-11D3-BF4B-00C04F79EFBC}") = "UnityPlatformWindows", "UnityPlatformWindows\project\Mono\UnityPlatformWindows\UnityPlatformWindows\UnityPlatformWindows.csproj", "{D96980D3-7C11-4973-9638-EFF37B25D5DA}"
	ProjectSection(ProjectDependencies) = postProject
		{1659340D-4CAA-43D4-9636-406A5F634741} = {1659340D-4CAA-43D4-9636-406A5F634741}
	EndProjectSection
EndProject
Global
	GlobalSection(SolutionConfigurationPlatforms) = preSolution
		Debug|Any CPU = Debug|Any CPU
		Debug|ARM = Debug|ARM
		Debug|x86 = Debug|x86
		Release|Any CPU = Release|Any CPU
		Release|ARM = Release|ARM
		Release|x86 = Release|x86
	EndGlobalSection
	GlobalSection(ProjectConfigurationPlatforms) = postSolution
		{D32799D6-B732-4275-BA50-82768374DD80}.Debug|Any CPU.ActiveCfg = Debug|Any CPU
		{D32799D6-B732-4275-BA50-82768374DD80}.Debug|Any CPU.Build.0 = Debug|Any CPU
		{D32799D6-B732-4275-BA50-82768374DD80}.Debug|ARM.ActiveCfg = Debug|ARM
		{D32799D6-B732-4275-BA50-82768374DD80}.Debug|ARM.Build.0 = Debug|ARM
		{D32799D6-B732-4275-BA50-82768374DD80}.Debug|x86.ActiveCfg = Debug|x86
		{D32799D6-B732-4275-BA50-82768374DD80}.Debug|x86.Build.0 = Debug|x86
		{D32799D6-B732-4275-BA50-82768374DD80}.Release|Any CPU.ActiveCfg = Release|Any CPU
		{D32799D6-B732-4275-BA50-82768374DD80}.Release|Any CPU.Build.0 = Release|Any CPU
		{D32799D6-B732-4275-BA50-82768374DD80}.Release|ARM.ActiveCfg = Release|ARM
		{D32799D6-B732-4275-BA50-82768374DD80}.Release|ARM.Build.0 = Release|ARM
		{D32799D6-B732-4275-BA50-82768374DD80}.Release|x86.ActiveCfg = Release|x86
		{D32799D6-B732-4275-BA50-82768374DD80}.Release|x86.Build.0 = Release|x86
		{1659340D-4CAA-43D4-9636-406A5F634741}.Debug|Any CPU.ActiveCfg = Debug|Any CPU
		{1659340D-4CAA-43D4-9636-406A5F634741}.Debug|Any CPU.Build.0 = Debug|Any CPU
		{1659340D-4CAA-43D4-9636-406A5F634741}.Debug|ARM.ActiveCfg = Debug|Any CPU
		{1659340D-4CAA-43D4-9636-406A5F634741}.Debug|x86.ActiveCfg = Debug|x86
		{1659340D-4CAA-43D4-9636-406A5F634741}.Debug|x86.Build.0 = Debug|x86
		{1659340D-4CAA-43D4-9636-406A5F634741}.Release|Any CPU.ActiveCfg = Release|Any CPU
		{1659340D-4CAA-43D4-9636-406A5F634741}.Release|Any CPU.Build.0 = Release|Any CPU
		{1659340D-4CAA-43D4-9636-406A5F634741}.Release|ARM.ActiveCfg = Release|Any CPU
		{1659340D-4CAA-43D4-9636-406A5F634741}.Release|x86.ActiveCfg = Release|x86
		{1659340D-4CAA-43D4-9636-406A5F634741}.Release|x86.Build.0 = Release|x86
		{D96980D3-7C11-4973-9638-EFF37B25D5DA}.Debug|Any CPU.ActiveCfg = Debug|Any CPU
		{D96980D3-7C11-4973-9638-EFF37B25D5DA}.Debug|Any CPU.Build.0 = Debug|Any CPU
		{D96980D3-7C11-4973-9638-EFF37B25D5DA}.Debug|ARM.ActiveCfg = Debug|Any CPU
		{D96980D3-7C11-4973-9638-EFF37B25D5DA}.Debug|x86.ActiveCfg = Debug|x86
		{D96980D3-7C11-4973-9638-EFF37B25D5DA}.Debug|x86.Build.0 = Debug|x86
		{D96980D3-7C11-4973-9638-EFF37B25D5DA}.Release|Any CPU.ActiveCfg = Release|Any CPU
		{D96980D3-7C11-4973-9638-EFF37B25D5DA}.Release|Any CPU.Build.0 = Release|Any CPU
		{D96980D3-7C11-4973-9638-EFF37B25D5DA}.Release|ARM.ActiveCfg = Release|Any CPU
		{D96980D3-7C11-4973-9638-EFF37B25D5DA}.Release|x86.ActiveCfg = Release|x86
		{D96980D3-7C11-4973-9638-EFF37B25D5DA}.Release|x86.Build.0 = Release|x86
	EndGlobalSection
	GlobalSection(SolutionProperties) = preSolution
		HideSolutionNode = FALSE
	EndGlobalSection
EndGlobal
