
Microsoft Visual Studio Solution File, Format Version 12.00
# Visual Studio 2012
Project("{FAE04EC0-301F-11D3-BF4B-00C04F79EFBC}") = "AppverseSample_iOS", "AppverseSample_iOS\AppverseSample_iOS.csproj", "{E7A4AD86-70FC-4468-8793-604B37DD3B18}"
EndProject
Global
	GlobalSection(SolutionConfigurationPlatforms) = preSolution
		Debug|iPhoneSimulator = Debug|iPhoneSimulator
		Release|iPhoneSimulator = Release|iPhoneSimulator
		Debug|iPhone = Debug|iPhone
		Release|iPhone = Release|iPhone
		Ad-Hoc|iPhone = Ad-Hoc|iPhone
		AppStore|iPhone = AppStore|iPhone
	EndGlobalSection
	GlobalSection(ProjectConfigurationPlatforms) = postSolution
		{E7A4AD86-70FC-4468-8793-604B37DD3B18}.Ad-Hoc|iPhone.ActiveCfg = Ad-Hoc|iPhone
		{E7A4AD86-70FC-4468-8793-604B37DD3B18}.Ad-Hoc|iPhone.Build.0 = Ad-Hoc|iPhone
		{E7A4AD86-70FC-4468-8793-604B37DD3B18}.AppStore|iPhone.ActiveCfg = AppStore|iPhone
		{E7A4AD86-70FC-4468-8793-604B37DD3B18}.AppStore|iPhone.Build.0 = AppStore|iPhone
		{E7A4AD86-70FC-4468-8793-604B37DD3B18}.Debug|iPhone.ActiveCfg = Debug|iPhone
		{E7A4AD86-70FC-4468-8793-604B37DD3B18}.Debug|iPhone.Build.0 = Debug|iPhone
		{E7A4AD86-70FC-4468-8793-604B37DD3B18}.Debug|iPhoneSimulator.ActiveCfg = Debug|iPhoneSimulator
		{E7A4AD86-70FC-4468-8793-604B37DD3B18}.Debug|iPhoneSimulator.Build.0 = Debug|iPhoneSimulator
		{E7A4AD86-70FC-4468-8793-604B37DD3B18}.Release|iPhone.ActiveCfg = Release|iPhone
		{E7A4AD86-70FC-4468-8793-604B37DD3B18}.Release|iPhone.Build.0 = Release|iPhone
		{E7A4AD86-70FC-4468-8793-604B37DD3B18}.Release|iPhoneSimulator.ActiveCfg = Release|iPhoneSimulator
		{E7A4AD86-70FC-4468-8793-604B37DD3B18}.Release|iPhoneSimulator.Build.0 = Release|iPhoneSimulator
	EndGlobalSection
EndGlobal
