
Microsoft Visual Studio Solution File, Format Version 12.00
# Visual Studio 2012
Project("{FAE04EC0-301F-11D3-BF4B-00C04F79EFBC}") = "AppverseSample_iOS", "AppverseSample_iOS\AppverseSample_iOS.csproj", "{CD9C7BA9-D7ED-4E73-9DD3-CAD1D8BC83BC}"
EndProject
Global
	GlobalSection(SolutionConfigurationPlatforms) = preSolution
		Debug|iPhoneSimulator = Debug|iPhoneSimulator
		Release|iPhone = Release|iPhone
		Release|iPhoneSimulator = Release|iPhoneSimulator
		Debug|iPhone = Debug|iPhone
	EndGlobalSection
	GlobalSection(ProjectConfigurationPlatforms) = postSolution
		{CD9C7BA9-D7ED-4E73-9DD3-CAD1D8BC83BC}.Debug|iPhone.ActiveCfg = Debug|iPhone
		{CD9C7BA9-D7ED-4E73-9DD3-CAD1D8BC83BC}.Debug|iPhone.Build.0 = Debug|iPhone
		{CD9C7BA9-D7ED-4E73-9DD3-CAD1D8BC83BC}.Debug|iPhoneSimulator.ActiveCfg = Debug|iPhoneSimulator
		{CD9C7BA9-D7ED-4E73-9DD3-CAD1D8BC83BC}.Debug|iPhoneSimulator.Build.0 = Debug|iPhoneSimulator
		{CD9C7BA9-D7ED-4E73-9DD3-CAD1D8BC83BC}.Release|iPhone.ActiveCfg = Release|iPhone
		{CD9C7BA9-D7ED-4E73-9DD3-CAD1D8BC83BC}.Release|iPhone.Build.0 = Release|iPhone
		{CD9C7BA9-D7ED-4E73-9DD3-CAD1D8BC83BC}.Release|iPhoneSimulator.ActiveCfg = Release|iPhoneSimulator
		{CD9C7BA9-D7ED-4E73-9DD3-CAD1D8BC83BC}.Release|iPhoneSimulator.Build.0 = Release|iPhoneSimulator
	EndGlobalSection
EndGlobal
