
Microsoft Visual Studio Solution File, Format Version 11.00
# Visual Studio 2010
Project("{FAE04EC0-301F-11D3-BF4B-00C04F79EFBC}") = "AppverseSample_iOS", "AppverseSample_iOS\AppverseSample_iOS.csproj", "{E7A4AD86-70FC-4468-8793-604B37DD3B18}"
EndProject
Project("{FAE04EC0-301F-11D3-BF4B-00C04F79EFBC}") = "FidorLogin", "FidorLogin\FidorLogin.csproj", "{17EFF3BC-69D0-431E-8C82-2936D3E4357C}"
EndProject
Project("{FAE04EC0-301F-11D3-BF4B-00C04F79EFBC}") = "FidorLogin.UITests", "FidorLogin.UITests\FidorLogin.UITests.csproj", "{45DF4BFE-0737-49A4-B493-9399E795DB03}"
EndProject
Global
	GlobalSection(SolutionConfigurationPlatforms) = preSolution
		Debug|iPhoneSimulator = Debug|iPhoneSimulator
		Release|iPhoneSimulator = Release|iPhoneSimulator
		Debug|iPhone = Debug|iPhone
		Release|iPhone = Release|iPhone
		Ad-Hoc|iPhone = Ad-Hoc|iPhone
		AppStore|iPhone = AppStore|iPhone
	EndGlobalSection
	GlobalSection(ProjectConfigurationPlatforms) = postSolution
		{17EFF3BC-69D0-431E-8C82-2936D3E4357C}.Ad-Hoc|iPhone.ActiveCfg = Release|iPhone
		{17EFF3BC-69D0-431E-8C82-2936D3E4357C}.Ad-Hoc|iPhone.Build.0 = Release|iPhone
		{17EFF3BC-69D0-431E-8C82-2936D3E4357C}.AppStore|iPhone.ActiveCfg = Release|iPhone
		{17EFF3BC-69D0-431E-8C82-2936D3E4357C}.AppStore|iPhone.Build.0 = Release|iPhone
		{17EFF3BC-69D0-431E-8C82-2936D3E4357C}.Debug|iPhone.ActiveCfg = Debug|iPhone
		{17EFF3BC-69D0-431E-8C82-2936D3E4357C}.Debug|iPhone.Build.0 = Debug|iPhone
		{17EFF3BC-69D0-431E-8C82-2936D3E4357C}.Debug|iPhoneSimulator.ActiveCfg = Debug|iPhoneSimulator
		{17EFF3BC-69D0-431E-8C82-2936D3E4357C}.Debug|iPhoneSimulator.Build.0 = Debug|iPhoneSimulator
		{17EFF3BC-69D0-431E-8C82-2936D3E4357C}.Release|iPhone.ActiveCfg = Release|iPhone
		{17EFF3BC-69D0-431E-8C82-2936D3E4357C}.Release|iPhone.Build.0 = Release|iPhone
		{17EFF3BC-69D0-431E-8C82-2936D3E4357C}.Release|iPhoneSimulator.ActiveCfg = Release|iPhoneSimulator
		{17EFF3BC-69D0-431E-8C82-2936D3E4357C}.Release|iPhoneSimulator.Build.0 = Release|iPhoneSimulator
		{45DF4BFE-0737-49A4-B493-9399E795DB03}.Ad-Hoc|iPhone.ActiveCfg = Release|Any CPU
		{45DF4BFE-0737-49A4-B493-9399E795DB03}.Ad-Hoc|iPhone.Build.0 = Release|Any CPU
		{45DF4BFE-0737-49A4-B493-9399E795DB03}.AppStore|iPhone.ActiveCfg = Release|Any CPU
		{45DF4BFE-0737-49A4-B493-9399E795DB03}.AppStore|iPhone.Build.0 = Release|Any CPU
		{45DF4BFE-0737-49A4-B493-9399E795DB03}.Debug|iPhone.ActiveCfg = Debug|Any CPU
		{45DF4BFE-0737-49A4-B493-9399E795DB03}.Debug|iPhone.Build.0 = Debug|Any CPU
		{45DF4BFE-0737-49A4-B493-9399E795DB03}.Debug|iPhoneSimulator.ActiveCfg = Debug|Any CPU
		{45DF4BFE-0737-49A4-B493-9399E795DB03}.Debug|iPhoneSimulator.Build.0 = Debug|Any CPU
		{45DF4BFE-0737-49A4-B493-9399E795DB03}.Release|iPhone.ActiveCfg = Release|Any CPU
		{45DF4BFE-0737-49A4-B493-9399E795DB03}.Release|iPhone.Build.0 = Release|Any CPU
		{45DF4BFE-0737-49A4-B493-9399E795DB03}.Release|iPhoneSimulator.ActiveCfg = Release|Any CPU
		{45DF4BFE-0737-49A4-B493-9399E795DB03}.Release|iPhoneSimulator.Build.0 = Release|Any CPU
		{E7A4AD86-70FC-4468-8793-604B37DD3B18}.Ad-Hoc|iPhone.ActiveCfg = Ad-Hoc|iPhone
		{E7A4AD86-70FC-4468-8793-604B37DD3B18}.Ad-Hoc|iPhone.Build.0 = Ad-Hoc|iPhone
		{E7A4AD86-70FC-4468-8793-604B37DD3B18}.AppStore|iPhone.ActiveCfg = AppStore|iPhone
		{E7A4AD86-70FC-4468-8793-604B37DD3B18}.AppStore|iPhone.Build.0 = AppStore|iPhone
		{E7A4AD86-70FC-4468-8793-604B37DD3B18}.Debug|iPhone.ActiveCfg = Debug|iPhone
		{E7A4AD86-70FC-4468-8793-604B37DD3B18}.Debug|iPhone.Build.0 = Debug|iPhone
		{E7A4AD86-70FC-4468-8793-604B37DD3B18}.Debug|iPhoneSimulator.ActiveCfg = Debug|iPhoneSimulator
		{E7A4AD86-70FC-4468-8793-604B37DD3B18}.Debug|iPhoneSimulator.Build.0 = Debug|iPhoneSimulator
		{E7A4AD86-70FC-4468-8793-604B37DD3B18}.Release|iPhone.ActiveCfg = Release|iPhone
		{E7A4AD86-70FC-4468-8793-604B37DD3B18}.Release|iPhone.Build.0 = Release|iPhone
		{E7A4AD86-70FC-4468-8793-604B37DD3B18}.Release|iPhoneSimulator.ActiveCfg = Release|iPhoneSimulator
		{E7A4AD86-70FC-4468-8793-604B37DD3B18}.Release|iPhoneSimulator.Build.0 = Release|iPhoneSimulator
	EndGlobalSection
EndGlobal
