
Microsoft Visual Studio Solution File, Format Version 12.00
# Visual Studio 2012
Project("{FAE04EC0-301F-11D3-BF4B-00C04F79EFBC}") = "Webtrekk.iOS", "Webtrekk.iOS\Webtrekk.iOS.csproj", "{2FC0C92E-01F5-45F8-B106-DCB091D40951}"
EndProject
Global
	GlobalSection(SolutionConfigurationPlatforms) = preSolution
		Debug|iPhoneSimulator = Debug|iPhoneSimulator
		Release|iPhoneSimulator = Release|iPhoneSimulator
		Debug|iPhone = Debug|iPhone
		Release|iPhone = Release|iPhone
	EndGlobalSection
	GlobalSection(ProjectConfigurationPlatforms) = postSolution
		{2FC0C92E-01F5-45F8-B106-DCB091D40951}.Debug|iPhone.ActiveCfg = Debug|iPhone
		{2FC0C92E-01F5-45F8-B106-DCB091D40951}.Debug|iPhone.Build.0 = Debug|iPhone
		{2FC0C92E-01F5-45F8-B106-DCB091D40951}.Debug|iPhoneSimulator.ActiveCfg = Debug|iPhoneSimulator
		{2FC0C92E-01F5-45F8-B106-DCB091D40951}.Debug|iPhoneSimulator.Build.0 = Debug|iPhoneSimulator
		{2FC0C92E-01F5-45F8-B106-DCB091D40951}.Release|iPhone.ActiveCfg = Release|iPhone
		{2FC0C92E-01F5-45F8-B106-DCB091D40951}.Release|iPhone.Build.0 = Release|iPhone
		{2FC0C92E-01F5-45F8-B106-DCB091D40951}.Release|iPhoneSimulator.ActiveCfg = Release|iPhoneSimulator
		{2FC0C92E-01F5-45F8-B106-DCB091D40951}.Release|iPhoneSimulator.Build.0 = Release|iPhoneSimulator
	EndGlobalSection
	GlobalSection(MonoDevelopProperties) = preSolution
		StartupItem = Webtrekk.iOS\Webtrekk.iOS.csproj
	EndGlobalSection
EndGlobal
