
Microsoft Visual Studio Solution File, Format Version 12.00
# Visual Studio 2012
Project("{FAE04EC0-301F-11D3-BF4B-00C04F79EFBC}") = "AppsFlyer.iOS", "AppsFlyer.iOS\AppsFlyer.iOS.csproj", "{87325F51-31B8-4DD9-92B6-A3F1BD8458F4}"
EndProject
Global
	GlobalSection(SolutionConfigurationPlatforms) = preSolution
		Debug|iPhoneSimulator = Debug|iPhoneSimulator
		Release|iPhoneSimulator = Release|iPhoneSimulator
		Debug|iPhone = Debug|iPhone
		Release|iPhone = Release|iPhone
	EndGlobalSection
	GlobalSection(ProjectConfigurationPlatforms) = postSolution
		{87325F51-31B8-4DD9-92B6-A3F1BD8458F4}.Debug|iPhone.ActiveCfg = Debug|iPhone
		{87325F51-31B8-4DD9-92B6-A3F1BD8458F4}.Debug|iPhone.Build.0 = Debug|iPhone
		{87325F51-31B8-4DD9-92B6-A3F1BD8458F4}.Debug|iPhoneSimulator.ActiveCfg = Debug|iPhoneSimulator
		{87325F51-31B8-4DD9-92B6-A3F1BD8458F4}.Debug|iPhoneSimulator.Build.0 = Debug|iPhoneSimulator
		{87325F51-31B8-4DD9-92B6-A3F1BD8458F4}.Release|iPhone.ActiveCfg = Release|iPhone
		{87325F51-31B8-4DD9-92B6-A3F1BD8458F4}.Release|iPhone.Build.0 = Release|iPhone
		{87325F51-31B8-4DD9-92B6-A3F1BD8458F4}.Release|iPhoneSimulator.ActiveCfg = Release|iPhoneSimulator
		{87325F51-31B8-4DD9-92B6-A3F1BD8458F4}.Release|iPhoneSimulator.Build.0 = Release|iPhoneSimulator
	EndGlobalSection
	GlobalSection(MonoDevelopProperties) = preSolution
		StartupItem = AppsFlyer.iOS\AppsFlyer.iOS.csproj
	EndGlobalSection
EndGlobal
